
Microsoft Visual Studio Solution File, Format Version 12.00
# Visual Studio 15
VisualStudioVersion = 15.0.27703.2042
MinimumVisualStudioVersion = 10.0.40219.1
Project("{FAE04EC0-301F-11D3-BF4B-00C04F79EFBC}") = "CheckAutoBot", "CheckAutoBot\CheckAutoBot.csproj", "{84EACA14-07E2-44B3-AA18-0E873D7BC1FE}"
EndProject
Global
	GlobalSection(SolutionConfigurationPlatforms) = preSolution
		Debug|Any CPU = Debug|Any CPU
		Release|Any CPU = Release|Any CPU
	EndGlobalSection
	GlobalSection(ProjectConfigurationPlatforms) = postSolution
		{84EACA14-07E2-44B3-AA18-0E873D7BC1FE}.Debug|Any CPU.ActiveCfg = Debug|Any CPU
		{84EACA14-07E2-44B3-AA18-0E873D7BC1FE}.Debug|Any CPU.Build.0 = Debug|Any CPU
		{84EACA14-07E2-44B3-AA18-0E873D7BC1FE}.Release|Any CPU.ActiveCfg = Release|Any CPU
		{84EACA14-07E2-44B3-AA18-0E873D7BC1FE}.Release|Any CPU.Build.0 = Release|Any CPU
	EndGlobalSection
	GlobalSection(SolutionProperties) = preSolution
		HideSolutionNode = FALSE
	EndGlobalSection
	GlobalSection(ExtensibilityGlobals) = postSolution
		SolutionGuid = {5F6C1AB2-9292-402E-A9B5-56AE863383B9}
	EndGlobalSection
EndGlobal
